
Microsoft Visual Studio Solution File, Format Version 12.00
# Visual Studio Version 16
VisualStudioVersion = 16.0.30621.155
MinimumVisualStudioVersion = 10.0.40219.1
Project("{FAE04EC0-301F-11D3-BF4B-00C04F79EFBC}") = "ConsoleApp3", "ConsoleApp3\ConsoleApp3.csproj", "{0B29655A-6169-48BE-B7E2-B3ED9BE0487E}"
EndProject
Global
	GlobalSection(SolutionConfigurationPlatforms) = preSolution
		Debug|Any CPU = Debug|Any CPU
		Release|Any CPU = Release|Any CPU
	EndGlobalSection
	GlobalSection(ProjectConfigurationPlatforms) = postSolution
		{0B29655A-6169-48BE-B7E2-B3ED9BE0487E}.Debug|Any CPU.ActiveCfg = Debug|Any CPU
		{0B29655A-6169-48BE-B7E2-B3ED9BE0487E}.Debug|Any CPU.Build.0 = Debug|Any CPU
		{0B29655A-6169-48BE-B7E2-B3ED9BE0487E}.Release|Any CPU.ActiveCfg = Release|Any CPU
		{0B29655A-6169-48BE-B7E2-B3ED9BE0487E}.Release|Any CPU.Build.0 = Release|Any CPU
	EndGlobalSection
	GlobalSection(SolutionProperties) = preSolution
		HideSolutionNode = FALSE
	EndGlobalSection
	GlobalSection(ExtensibilityGlobals) = postSolution
		SolutionGuid = {259E0AD5-8915-49CD-A9C9-C404057AB5C2}
	EndGlobalSection
EndGlobal
